
Microsoft Visual Studio Solution File, Format Version 11.00
# Visual Studio 2010
Project("{FAE04EC0-301F-11D3-BF4B-00C04F79EFBC}") = "UnityEngine.TestRunner", "UnityEngine.TestRunner.csproj", "{90ed2c81-22da-2bd5-dd40-4354c6859d29}"
EndProject
Project("{FAE04EC0-301F-11D3-BF4B-00C04F79EFBC}") = "Unity.VisualScripting.Flow", "Unity.VisualScripting.Flow.csproj", "{23636b5a-c3ef-8ce0-cb80-c851e3f17f59}"
EndProject
Project("{FAE04EC0-301F-11D3-BF4B-00C04F79EFBC}") = "Unity.Services.Core.Telemetry", "Unity.Services.Core.Telemetry.csproj", "{604a346c-a015-ee5e-14cb-950643b01784}"
EndProject
Project("{FAE04EC0-301F-11D3-BF4B-00C04F79EFBC}") = "Unity.InputSystem", "Unity.InputSystem.csproj", "{6524c45f-7ee7-8ace-dafa-2b872ea5fbb4}"
EndProject
Project("{FAE04EC0-301F-11D3-BF4B-00C04F79EFBC}") = "Unity.VisualScripting.State", "Unity.VisualScripting.State.csproj", "{b4a2526d-46f9-052d-9cd5-4aac20e4abe9}"
EndProject
Project("{FAE04EC0-301F-11D3-BF4B-00C04F79EFBC}") = "Unity.VisualScripting.Core", "Unity.VisualScripting.Core.csproj", "{67f4a7b5-efb2-5b25-24a7-36583e53baf9}"
EndProject
Project("{FAE04EC0-301F-11D3-BF4B-00C04F79EFBC}") = "UnityEngine.XR.LegacyInputHelpers", "UnityEngine.XR.LegacyInputHelpers.csproj", "{ecfcd92b-9641-fad0-9557-c2e381428bc2}"
EndProject
Project("{FAE04EC0-301F-11D3-BF4B-00C04F79EFBC}") = "Unity.Services.Core.Environments.Internal", "Unity.Services.Core.Environments.Internal.csproj", "{62dd9842-451a-685d-42c4-84c30f085567}"
EndProject
Project("{FAE04EC0-301F-11D3-BF4B-00C04F79EFBC}") = "Unity.TextMeshPro", "Unity.TextMeshPro.csproj", "{1b91ede8-c18a-d584-8632-fa3805b66f43}"
EndProject
Project("{FAE04EC0-301F-11D3-BF4B-00C04F79EFBC}") = "Unity.Timeline", "Unity.Timeline.csproj", "{44b4abf6-7f9f-c1fe-ed89-c2857e28616d}"
EndProject
Project("{FAE04EC0-301F-11D3-BF4B-00C04F79EFBC}") = "Unity.Services.Core", "Unity.Services.Core.csproj", "{99535087-9622-1b2e-b341-8842192e80df}"
EndProject
Project("{FAE04EC0-301F-11D3-BF4B-00C04F79EFBC}") = "Unity.XR.OpenXR", "Unity.XR.OpenXR.csproj", "{36fee6b0-9760-e14a-28a3-ed34216ec314}"
EndProject
Project("{FAE04EC0-301F-11D3-BF4B-00C04F79EFBC}") = "Unity.Services.Core.Environments", "Unity.Services.Core.Environments.csproj", "{b5b02ff4-aa01-8f9a-7b4e-02b86866ae8d}"
EndProject
Project("{FAE04EC0-301F-11D3-BF4B-00C04F79EFBC}") = "Unity.Services.Core.Internal", "Unity.Services.Core.Internal.csproj", "{31a00bfe-1c5f-eb68-27a0-e056dc2c885b}"
EndProject
Project("{FAE04EC0-301F-11D3-BF4B-00C04F79EFBC}") = "Unity.Services.Core.Analytics", "Unity.Services.Core.Analytics.csproj", "{9e090ca6-7b6c-f978-3842-70a03306525c}"
EndProject
Project("{FAE04EC0-301F-11D3-BF4B-00C04F79EFBC}") = "Unity.Services.Core.Scheduler", "Unity.Services.Core.Scheduler.csproj", "{026c5347-834b-d16f-03ef-3ac1d2567669}"
EndProject
Project("{FAE04EC0-301F-11D3-BF4B-00C04F79EFBC}") = "Unity.Services.Core.Registration", "Unity.Services.Core.Registration.csproj", "{540726eb-8323-0648-219b-ff464441ac69}"
EndProject
Project("{FAE04EC0-301F-11D3-BF4B-00C04F79EFBC}") = "Unity.Services.Core.Device", "Unity.Services.Core.Device.csproj", "{eb752915-73ca-0e67-ec7c-67243c981cb9}"
EndProject
Project("{FAE04EC0-301F-11D3-BF4B-00C04F79EFBC}") = "Unity.XR.Management", "Unity.XR.Management.csproj", "{9953136d-4e29-7193-655b-35400866f388}"
EndProject
Project("{FAE04EC0-301F-11D3-BF4B-00C04F79EFBC}") = "Unity.Services.Core.Threading", "Unity.Services.Core.Threading.csproj", "{0b42000f-d4b6-e17d-7572-fece9ab314bd}"
EndProject
Project("{FAE04EC0-301F-11D3-BF4B-00C04F79EFBC}") = "Unity.Services.Core.Networking", "Unity.Services.Core.Networking.csproj", "{9cf125e0-6031-4417-7487-5a6514a45b7f}"
EndProject
Project("{FAE04EC0-301F-11D3-BF4B-00C04F79EFBC}") = "Unity.XR.OpenXR.Features.RuntimeDebugger", "Unity.XR.OpenXR.Features.RuntimeDebugger.csproj", "{3d59f74b-4a15-6de1-9299-5bb9672d5ba0}"
EndProject
Project("{FAE04EC0-301F-11D3-BF4B-00C04F79EFBC}") = "UnityEngine.SpatialTracking", "UnityEngine.SpatialTracking.csproj", "{ca6d73e8-50ce-b1bc-27e7-9f4425a198e5}"
EndProject
Project("{FAE04EC0-301F-11D3-BF4B-00C04F79EFBC}") = "Unity.Services.Core.Configuration", "Unity.Services.Core.Configuration.csproj", "{2ea00211-b5ae-f249-252c-0a53eed12dc6}"
EndProject
Project("{FAE04EC0-301F-11D3-BF4B-00C04F79EFBC}") = "Unity.XR.OpenXR.Features.ConformanceAutomation", "Unity.XR.OpenXR.Features.ConformanceAutomation.csproj", "{65ac4f18-18be-496a-da8b-ce19938fbc42}"
EndProject
Project("{FAE04EC0-301F-11D3-BF4B-00C04F79EFBC}") = "Unity.XR.OpenXR.Features.MockRuntime", "Unity.XR.OpenXR.Features.MockRuntime.csproj", "{d21c9829-9d44-52d2-c385-dafa5b07bcf8}"
EndProject
Project("{FAE04EC0-301F-11D3-BF4B-00C04F79EFBC}") = "Unity.Subsystem.Registration", "Unity.Subsystem.Registration.csproj", "{88f1ccac-c955-a37c-3715-afbd76ec1490}"
EndProject
Project("{FAE04EC0-301F-11D3-BF4B-00C04F79EFBC}") = "Unity.XR.OpenXR.Features.OculusQuestSupport", "Unity.XR.OpenXR.Features.OculusQuestSupport.csproj", "{49b32f36-5e7b-c91a-1508-2daab2352d97}"
EndProject
Project("{FAE04EC0-301F-11D3-BF4B-00C04F79EFBC}") = "Unity.XR.Oculus", "Unity.XR.Oculus.csproj", "{3b849829-9ffa-5795-b065-488cdb22f319}"
EndProject
Project("{FAE04EC0-301F-11D3-BF4B-00C04F79EFBC}") = "Unity.XR.CoreUtils", "Unity.XR.CoreUtils.csproj", "{3e8516a5-4734-bff4-8697-5064e566315e}"
EndProject
Project("{FAE04EC0-301F-11D3-BF4B-00C04F79EFBC}") = "Unity.XR.Interaction.Toolkit", "Unity.XR.Interaction.Toolkit.csproj", "{4a43c178-e09f-244f-a5d5-d725bc93b78b}"
EndProject
Project("{FAE04EC0-301F-11D3-BF4B-00C04F79EFBC}") = "Assembly-CSharp", "Assembly-CSharp.csproj", "{92c79294-7eff-5edf-fb9d-db6017f806bc}"
EndProject
Project("{FAE04EC0-301F-11D3-BF4B-00C04F79EFBC}") = "Unity.PlasticSCM.Editor", "Unity.PlasticSCM.Editor.csproj", "{cc9b9047-3441-8a5f-b9a6-aeabe4f217b6}"
EndProject
Project("{FAE04EC0-301F-11D3-BF4B-00C04F79EFBC}") = "Unity.VisualScripting.Core.Editor", "Unity.VisualScripting.Core.Editor.csproj", "{6de8171b-bf22-d3e1-e1ad-f2cea4e307ae}"
EndProject
Project("{FAE04EC0-301F-11D3-BF4B-00C04F79EFBC}") = "Unity.XR.OpenXR.Editor", "Unity.XR.OpenXR.Editor.csproj", "{f8fcc802-7b16-c389-121d-8b3423e508f8}"
EndProject
Project("{FAE04EC0-301F-11D3-BF4B-00C04F79EFBC}") = "Unity.VisualScripting.Flow.Editor", "Unity.VisualScripting.Flow.Editor.csproj", "{b92ffe2f-049c-a3d2-5162-0a6f7daa1720}"
EndProject
Project("{FAE04EC0-301F-11D3-BF4B-00C04F79EFBC}") = "Unity.VisualStudio.Editor", "Unity.VisualStudio.Editor.csproj", "{eacd557e-0aea-2bf0-7b48-4d542db13f7a}"
EndProject
Project("{FAE04EC0-301F-11D3-BF4B-00C04F79EFBC}") = "Unity.Timeline.Editor", "Unity.Timeline.Editor.csproj", "{0d3dc700-dfb7-375b-75f0-c499923efc69}"
EndProject
Project("{FAE04EC0-301F-11D3-BF4B-00C04F79EFBC}") = "Unity.VisualScripting.State.Editor", "Unity.VisualScripting.State.Editor.csproj", "{51e9eb98-a655-85c5-37c2-8a828bb3fa14}"
EndProject
Project("{FAE04EC0-301F-11D3-BF4B-00C04F79EFBC}") = "Unity.TextMeshPro.Editor", "Unity.TextMeshPro.Editor.csproj", "{fb58c21d-9e33-4e3a-6349-78234c2e27c8}"
EndProject
Project("{FAE04EC0-301F-11D3-BF4B-00C04F79EFBC}") = "Unity.VisualScripting.SettingsProvider.Editor", "Unity.VisualScripting.SettingsProvider.Editor.csproj", "{db30cfbc-3b3b-e219-c565-7b64bb5142d3}"
EndProject
Project("{FAE04EC0-301F-11D3-BF4B-00C04F79EFBC}") = "Unity.CollabProxy.Editor", "Unity.CollabProxy.Editor.csproj", "{fba2018d-6c9a-2299-30b8-6a6c7da2a538}"
EndProject
Project("{FAE04EC0-301F-11D3-BF4B-00C04F79EFBC}") = "UnityEditor.TestRunner", "UnityEditor.TestRunner.csproj", "{b25dcecd-c751-3416-298b-c525af8a7a95}"
EndProject
Project("{FAE04EC0-301F-11D3-BF4B-00C04F79EFBC}") = "Unity.Services.Core.Editor", "Unity.Services.Core.Editor.csproj", "{0f7729f0-6bce-de4e-f1cc-82365bcf3770}"
EndProject
Project("{FAE04EC0-301F-11D3-BF4B-00C04F79EFBC}") = "Unity.TestTools.CodeCoverage.Editor", "Unity.TestTools.CodeCoverage.Editor.csproj", "{90add9a1-1f46-5efb-0289-9eb205070bb0}"
EndProject
Project("{FAE04EC0-301F-11D3-BF4B-00C04F79EFBC}") = "Unity.Rider.Editor", "Unity.Rider.Editor.csproj", "{a80010a6-e3f2-f199-04a4-fde859466233}"
EndProject
Project("{FAE04EC0-301F-11D3-BF4B-00C04F79EFBC}") = "Unity.Performance.Profile-Analyzer.Editor", "Unity.Performance.Profile-Analyzer.Editor.csproj", "{755e8607-9a19-b709-5f06-d33af5af081e}"
EndProject
Project("{FAE04EC0-301F-11D3-BF4B-00C04F79EFBC}") = "Unity.XR.Management.Editor", "Unity.XR.Management.Editor.csproj", "{abca3f80-697a-4171-eb00-485c2db64ca2}"
EndProject
Project("{FAE04EC0-301F-11D3-BF4B-00C04F79EFBC}") = "Unity.VSCode.Editor", "Unity.VSCode.Editor.csproj", "{97bbe8ef-a5ac-63cf-0a6e-b8e837adbf3f}"
EndProject
Project("{FAE04EC0-301F-11D3-BF4B-00C04F79EFBC}") = "Unity.TestTools.CodeCoverage.Editor.OpenCover.Model", "Unity.TestTools.CodeCoverage.Editor.OpenCover.Model.csproj", "{e92234ca-cbd4-03f0-56f6-4e285d4630b1}"
EndProject
Project("{FAE04EC0-301F-11D3-BF4B-00C04F79EFBC}") = "Unity.EditorCoroutines.Editor", "Unity.EditorCoroutines.Editor.csproj", "{8a2cd398-1728-b00b-3f05-6245bdb2624a}"
EndProject
Project("{FAE04EC0-301F-11D3-BF4B-00C04F79EFBC}") = "Unity.Settings.Editor", "Unity.Settings.Editor.csproj", "{02417f2a-1425-9781-431c-33b4d6265659}"
EndProject
Project("{FAE04EC0-301F-11D3-BF4B-00C04F79EFBC}") = "UnityEditor.SpatialTracking", "UnityEditor.SpatialTracking.csproj", "{85542bba-ba7a-5ecc-b147-ae164a8679e1}"
EndProject
Project("{FAE04EC0-301F-11D3-BF4B-00C04F79EFBC}") = "Unity.Services.Core.Configuration.Editor", "Unity.Services.Core.Configuration.Editor.csproj", "{c3031182-1747-c8b5-ef16-24d51519cbdf}"
EndProject
Project("{FAE04EC0-301F-11D3-BF4B-00C04F79EFBC}") = "UnityEditor.XR.LegacyInputHelpers", "UnityEditor.XR.LegacyInputHelpers.csproj", "{684d08b3-0785-5972-93ef-583ea11590dc}"
EndProject
Project("{FAE04EC0-301F-11D3-BF4B-00C04F79EFBC}") = "Unity.XR.OpenXR.Features.RuntimeDebugger.Editor", "Unity.XR.OpenXR.Features.RuntimeDebugger.Editor.csproj", "{d9cb2c4b-3adc-eef7-77c5-daa08fb329e4}"
EndProject
Project("{FAE04EC0-301F-11D3-BF4B-00C04F79EFBC}") = "Unity.TestTools.CodeCoverage.Editor.OpenCover.Mono.Reflection", "Unity.TestTools.CodeCoverage.Editor.OpenCover.Mono.Reflection.csproj", "{8b3e645b-7fd7-3de8-556f-e1e011858f03}"
EndProject
Project("{FAE04EC0-301F-11D3-BF4B-00C04F79EFBC}") = "Unity.VisualScripting.Shared.Editor", "Unity.VisualScripting.Shared.Editor.csproj", "{e0f24dcb-e1bc-86fe-4da4-b86780b26ce0}"
EndProject
Project("{FAE04EC0-301F-11D3-BF4B-00C04F79EFBC}") = "Unity.XR.OpenXR.Features.OculusQuestSupport.Editor", "Unity.XR.OpenXR.Features.OculusQuestSupport.Editor.csproj", "{81baffb5-0858-a24a-9666-217ab88ffbc5}"
EndProject
Project("{FAE04EC0-301F-11D3-BF4B-00C04F79EFBC}") = "Unity.XR.Oculus.Editor", "Unity.XR.Oculus.Editor.csproj", "{2d227886-3021-7180-6cec-ffead278bbe0}"
EndProject
Project("{FAE04EC0-301F-11D3-BF4B-00C04F79EFBC}") = "Unity.XR.CoreUtils.Editor", "Unity.XR.CoreUtils.Editor.csproj", "{a14bfd31-09ef-9751-2c50-9aa022caa46c}"
EndProject
Project("{FAE04EC0-301F-11D3-BF4B-00C04F79EFBC}") = "Unity.XR.Interaction.Toolkit.Editor", "Unity.XR.Interaction.Toolkit.Editor.csproj", "{0fe7da6a-1e2a-65ac-0c64-6dda9bbde887}"
EndProject
Project("{FAE04EC0-301F-11D3-BF4B-00C04F79EFBC}") = "Unity.XR.OpenXR.Tests", "Unity.XR.OpenXR.Tests.csproj", "{5c050158-2f2c-3737-9bf4-d96201a65708}"
EndProject
Project("{FAE04EC0-301F-11D3-BF4B-00C04F79EFBC}") = "Unity.PlasticSCM.EditorTests", "Unity.PlasticSCM.EditorTests.csproj", "{b5d2ddae-6b25-32eb-694c-7a51a8a875ce}"
EndProject
Project("{FAE04EC0-301F-11D3-BF4B-00C04F79EFBC}") = "Unity.TextMeshPro.Tests", "Unity.TextMeshPro.Tests.csproj", "{5dd7dcc6-00a1-6281-f761-dc715a02f91e}"
EndProject
Project("{FAE04EC0-301F-11D3-BF4B-00C04F79EFBC}") = "Unity.XR.Management.TestPackage", "Unity.XR.Management.TestPackage.csproj", "{193146c6-d73a-0de5-42ec-a0183c4d81e2}"
EndProject
Project("{FAE04EC0-301F-11D3-BF4B-00C04F79EFBC}") = "Unity.XR.CoreUtils.Tests", "Unity.XR.CoreUtils.Tests.csproj", "{a6bbaac6-266b-ceba-6dcc-28c7b0d6ce1b}"
EndProject
Project("{FAE04EC0-301F-11D3-BF4B-00C04F79EFBC}") = "Unity.CollabProxy.EditorTests", "Unity.CollabProxy.EditorTests.csproj", "{286fa980-fc45-8ace-2f2f-5ebaff1c5bb2}"
EndProject
Project("{FAE04EC0-301F-11D3-BF4B-00C04F79EFBC}") = "Unity.Subsystem.Registration.Runtime.Tests", "Unity.Subsystem.Registration.Runtime.Tests.csproj", "{c8c67b1f-bb41-5b37-d30f-238dcf657e76}"
EndProject
Project("{FAE04EC0-301F-11D3-BF4B-00C04F79EFBC}") = "Unity.XR.Interaction.Toolkit.Editor.Tests", "Unity.XR.Interaction.Toolkit.Editor.Tests.csproj", "{a86348c9-f197-bce3-967a-06664a8bf660}"
EndProject
Project("{FAE04EC0-301F-11D3-BF4B-00C04F79EFBC}") = "Unity.XR.Management.TestPackage.Editor", "Unity.XR.Management.TestPackage.Editor.csproj", "{fbd83e10-e1a0-a5dd-b9ea-e52429189c40}"
EndProject
Project("{FAE04EC0-301F-11D3-BF4B-00C04F79EFBC}") = "Unity.InputSystem.TestFramework", "Unity.InputSystem.TestFramework.csproj", "{7e6c9945-67bb-89c5-e4f5-90e3956c6b78}"
EndProject
Project("{FAE04EC0-301F-11D3-BF4B-00C04F79EFBC}") = "Unity.XR.OpenXR.Tests.Editor", "Unity.XR.OpenXR.Tests.Editor.csproj", "{4b4a4dd2-fbd6-7194-4c18-3013cf4a6d52}"
EndProject
Project("{FAE04EC0-301F-11D3-BF4B-00C04F79EFBC}") = "DocCodeExamples", "DocCodeExamples.csproj", "{75bece95-4081-123f-4262-ba37edaa617e}"
EndProject
Project("{FAE04EC0-301F-11D3-BF4B-00C04F79EFBC}") = "Unity.XR.Management.EditorTests", "Unity.XR.Management.EditorTests.csproj", "{f2b2bbf3-ff01-ff55-097c-fb14832e1229}"
EndProject
Project("{FAE04EC0-301F-11D3-BF4B-00C04F79EFBC}") = "Unity.XR.Management.Tests", "Unity.XR.Management.Tests.csproj", "{09140b6a-d9f4-c189-1482-5c89a3f893e4}"
EndProject
Project("{FAE04EC0-301F-11D3-BF4B-00C04F79EFBC}") = "Unity.TestTools.CodeCoverage.Editor.Compatibility", "Unity.TestTools.CodeCoverage.Editor.Compatibility.csproj", "{760b8d51-0dc2-f768-464e-59e6e1f81884}"
EndProject
Project("{FAE04EC0-301F-11D3-BF4B-00C04F79EFBC}") = "UnityEditor.XR.LegacyInputHelpers.Tests", "UnityEditor.XR.LegacyInputHelpers.Tests.csproj", "{53486da1-9658-9919-dc4e-a56d2da3733f}"
EndProject
Project("{FAE04EC0-301F-11D3-BF4B-00C04F79EFBC}") = "Unity.TextMeshPro.Editor.Tests", "Unity.TextMeshPro.Editor.Tests.csproj", "{83b5bd11-8779-6347-f41f-3596f6d52e0e}"
EndProject
Project("{FAE04EC0-301F-11D3-BF4B-00C04F79EFBC}") = "Unity.XR.CoreUtils.EditorTests", "Unity.XR.CoreUtils.EditorTests.csproj", "{c0628961-e5b4-8920-c357-65c65e80dc6e}"
EndProject
Project("{FAE04EC0-301F-11D3-BF4B-00C04F79EFBC}") = "Unity.InputSystem.IntegrationTests", "Unity.InputSystem.IntegrationTests.csproj", "{ed1742c5-8f62-896e-19c5-4ac6854cdfb4}"
EndProject
Project("{FAE04EC0-301F-11D3-BF4B-00C04F79EFBC}") = "Unity.Settings.Tests", "Unity.Settings.Tests.csproj", "{70cefdf7-e66e-9d0b-dd34-2dcabf42d35d}"
EndProject
Project("{FAE04EC0-301F-11D3-BF4B-00C04F79EFBC}") = "UnityEngine.SpatialTracking.Tests", "UnityEngine.SpatialTracking.Tests.csproj", "{c323aa50-4bef-b407-ac28-32418495177f}"
EndProject
Project("{FAE04EC0-301F-11D3-BF4B-00C04F79EFBC}") = "Unity.XR.TestSupport", "Unity.XR.TestSupport.csproj", "{b374666d-16a7-0a2a-0128-5b289d9cbb33}"
EndProject
Project("{FAE04EC0-301F-11D3-BF4B-00C04F79EFBC}") = "Unity.XR.Management.Tests.Standalone", "Unity.XR.Management.Tests.Standalone.csproj", "{80471b59-276d-073c-0850-9a79dd60b5f8}"
EndProject
Project("{FAE04EC0-301F-11D3-BF4B-00C04F79EFBC}") = "Unity.Performance.Profile-Analyzer.EditorTests", "Unity.Performance.Profile-Analyzer.EditorTests.csproj", "{96d9669f-7ee8-88dc-0cdf-ea5dbdd22c49}"
EndProject
Project("{FAE04EC0-301F-11D3-BF4B-00C04F79EFBC}") = "Unity.XR.Interaction.Toolkit.Tests", "Unity.XR.Interaction.Toolkit.Tests.csproj", "{dd057f07-d5cd-fa98-4462-7962aff65c14}"
EndProject
Global
	GlobalSection(SolutionConfigurationPlatforms) = preSolution
		Debug|Any CPU = Debug|Any CPU
	EndGlobalSection
	GlobalSection(ProjectConfigurationPlatforms) = postSolution
		{90ed2c81-22da-2bd5-dd40-4354c6859d29}.Debug|Any CPU.ActiveCfg = Debug|Any CPU
		{90ed2c81-22da-2bd5-dd40-4354c6859d29}.Debug|Any CPU.Build.0 = Debug|Any CPU
		{23636b5a-c3ef-8ce0-cb80-c851e3f17f59}.Debug|Any CPU.ActiveCfg = Debug|Any CPU
		{23636b5a-c3ef-8ce0-cb80-c851e3f17f59}.Debug|Any CPU.Build.0 = Debug|Any CPU
		{604a346c-a015-ee5e-14cb-950643b01784}.Debug|Any CPU.ActiveCfg = Debug|Any CPU
		{604a346c-a015-ee5e-14cb-950643b01784}.Debug|Any CPU.Build.0 = Debug|Any CPU
		{6524c45f-7ee7-8ace-dafa-2b872ea5fbb4}.Debug|Any CPU.ActiveCfg = Debug|Any CPU
		{6524c45f-7ee7-8ace-dafa-2b872ea5fbb4}.Debug|Any CPU.Build.0 = Debug|Any CPU
		{b4a2526d-46f9-052d-9cd5-4aac20e4abe9}.Debug|Any CPU.ActiveCfg = Debug|Any CPU
		{b4a2526d-46f9-052d-9cd5-4aac20e4abe9}.Debug|Any CPU.Build.0 = Debug|Any CPU
		{67f4a7b5-efb2-5b25-24a7-36583e53baf9}.Debug|Any CPU.ActiveCfg = Debug|Any CPU
		{67f4a7b5-efb2-5b25-24a7-36583e53baf9}.Debug|Any CPU.Build.0 = Debug|Any CPU
		{ecfcd92b-9641-fad0-9557-c2e381428bc2}.Debug|Any CPU.ActiveCfg = Debug|Any CPU
		{ecfcd92b-9641-fad0-9557-c2e381428bc2}.Debug|Any CPU.Build.0 = Debug|Any CPU
		{62dd9842-451a-685d-42c4-84c30f085567}.Debug|Any CPU.ActiveCfg = Debug|Any CPU
		{62dd9842-451a-685d-42c4-84c30f085567}.Debug|Any CPU.Build.0 = Debug|Any CPU
		{1b91ede8-c18a-d584-8632-fa3805b66f43}.Debug|Any CPU.ActiveCfg = Debug|Any CPU
		{1b91ede8-c18a-d584-8632-fa3805b66f43}.Debug|Any CPU.Build.0 = Debug|Any CPU
		{44b4abf6-7f9f-c1fe-ed89-c2857e28616d}.Debug|Any CPU.ActiveCfg = Debug|Any CPU
		{44b4abf6-7f9f-c1fe-ed89-c2857e28616d}.Debug|Any CPU.Build.0 = Debug|Any CPU
		{99535087-9622-1b2e-b341-8842192e80df}.Debug|Any CPU.ActiveCfg = Debug|Any CPU
		{99535087-9622-1b2e-b341-8842192e80df}.Debug|Any CPU.Build.0 = Debug|Any CPU
		{36fee6b0-9760-e14a-28a3-ed34216ec314}.Debug|Any CPU.ActiveCfg = Debug|Any CPU
		{36fee6b0-9760-e14a-28a3-ed34216ec314}.Debug|Any CPU.Build.0 = Debug|Any CPU
		{b5b02ff4-aa01-8f9a-7b4e-02b86866ae8d}.Debug|Any CPU.ActiveCfg = Debug|Any CPU
		{b5b02ff4-aa01-8f9a-7b4e-02b86866ae8d}.Debug|Any CPU.Build.0 = Debug|Any CPU
		{31a00bfe-1c5f-eb68-27a0-e056dc2c885b}.Debug|Any CPU.ActiveCfg = Debug|Any CPU
		{31a00bfe-1c5f-eb68-27a0-e056dc2c885b}.Debug|Any CPU.Build.0 = Debug|Any CPU
		{9e090ca6-7b6c-f978-3842-70a03306525c}.Debug|Any CPU.ActiveCfg = Debug|Any CPU
		{9e090ca6-7b6c-f978-3842-70a03306525c}.Debug|Any CPU.Build.0 = Debug|Any CPU
		{026c5347-834b-d16f-03ef-3ac1d2567669}.Debug|Any CPU.ActiveCfg = Debug|Any CPU
		{026c5347-834b-d16f-03ef-3ac1d2567669}.Debug|Any CPU.Build.0 = Debug|Any CPU
		{540726eb-8323-0648-219b-ff464441ac69}.Debug|Any CPU.ActiveCfg = Debug|Any CPU
		{540726eb-8323-0648-219b-ff464441ac69}.Debug|Any CPU.Build.0 = Debug|Any CPU
		{eb752915-73ca-0e67-ec7c-67243c981cb9}.Debug|Any CPU.ActiveCfg = Debug|Any CPU
		{eb752915-73ca-0e67-ec7c-67243c981cb9}.Debug|Any CPU.Build.0 = Debug|Any CPU
		{9953136d-4e29-7193-655b-35400866f388}.Debug|Any CPU.ActiveCfg = Debug|Any CPU
		{9953136d-4e29-7193-655b-35400866f388}.Debug|Any CPU.Build.0 = Debug|Any CPU
		{0b42000f-d4b6-e17d-7572-fece9ab314bd}.Debug|Any CPU.ActiveCfg = Debug|Any CPU
		{0b42000f-d4b6-e17d-7572-fece9ab314bd}.Debug|Any CPU.Build.0 = Debug|Any CPU
		{9cf125e0-6031-4417-7487-5a6514a45b7f}.Debug|Any CPU.ActiveCfg = Debug|Any CPU
		{9cf125e0-6031-4417-7487-5a6514a45b7f}.Debug|Any CPU.Build.0 = Debug|Any CPU
		{3d59f74b-4a15-6de1-9299-5bb9672d5ba0}.Debug|Any CPU.ActiveCfg = Debug|Any CPU
		{3d59f74b-4a15-6de1-9299-5bb9672d5ba0}.Debug|Any CPU.Build.0 = Debug|Any CPU
		{ca6d73e8-50ce-b1bc-27e7-9f4425a198e5}.Debug|Any CPU.ActiveCfg = Debug|Any CPU
		{ca6d73e8-50ce-b1bc-27e7-9f4425a198e5}.Debug|Any CPU.Build.0 = Debug|Any CPU
		{2ea00211-b5ae-f249-252c-0a53eed12dc6}.Debug|Any CPU.ActiveCfg = Debug|Any CPU
		{2ea00211-b5ae-f249-252c-0a53eed12dc6}.Debug|Any CPU.Build.0 = Debug|Any CPU
		{65ac4f18-18be-496a-da8b-ce19938fbc42}.Debug|Any CPU.ActiveCfg = Debug|Any CPU
		{65ac4f18-18be-496a-da8b-ce19938fbc42}.Debug|Any CPU.Build.0 = Debug|Any CPU
		{d21c9829-9d44-52d2-c385-dafa5b07bcf8}.Debug|Any CPU.ActiveCfg = Debug|Any CPU
		{d21c9829-9d44-52d2-c385-dafa5b07bcf8}.Debug|Any CPU.Build.0 = Debug|Any CPU
		{88f1ccac-c955-a37c-3715-afbd76ec1490}.Debug|Any CPU.ActiveCfg = Debug|Any CPU
		{88f1ccac-c955-a37c-3715-afbd76ec1490}.Debug|Any CPU.Build.0 = Debug|Any CPU
		{49b32f36-5e7b-c91a-1508-2daab2352d97}.Debug|Any CPU.ActiveCfg = Debug|Any CPU
		{49b32f36-5e7b-c91a-1508-2daab2352d97}.Debug|Any CPU.Build.0 = Debug|Any CPU
		{3b849829-9ffa-5795-b065-488cdb22f319}.Debug|Any CPU.ActiveCfg = Debug|Any CPU
		{3b849829-9ffa-5795-b065-488cdb22f319}.Debug|Any CPU.Build.0 = Debug|Any CPU
		{3e8516a5-4734-bff4-8697-5064e566315e}.Debug|Any CPU.ActiveCfg = Debug|Any CPU
		{3e8516a5-4734-bff4-8697-5064e566315e}.Debug|Any CPU.Build.0 = Debug|Any CPU
		{4a43c178-e09f-244f-a5d5-d725bc93b78b}.Debug|Any CPU.ActiveCfg = Debug|Any CPU
		{4a43c178-e09f-244f-a5d5-d725bc93b78b}.Debug|Any CPU.Build.0 = Debug|Any CPU
		{92c79294-7eff-5edf-fb9d-db6017f806bc}.Debug|Any CPU.ActiveCfg = Debug|Any CPU
		{92c79294-7eff-5edf-fb9d-db6017f806bc}.Debug|Any CPU.Build.0 = Debug|Any CPU
		{cc9b9047-3441-8a5f-b9a6-aeabe4f217b6}.Debug|Any CPU.ActiveCfg = Debug|Any CPU
		{cc9b9047-3441-8a5f-b9a6-aeabe4f217b6}.Debug|Any CPU.Build.0 = Debug|Any CPU
		{6de8171b-bf22-d3e1-e1ad-f2cea4e307ae}.Debug|Any CPU.ActiveCfg = Debug|Any CPU
		{6de8171b-bf22-d3e1-e1ad-f2cea4e307ae}.Debug|Any CPU.Build.0 = Debug|Any CPU
		{f8fcc802-7b16-c389-121d-8b3423e508f8}.Debug|Any CPU.ActiveCfg = Debug|Any CPU
		{f8fcc802-7b16-c389-121d-8b3423e508f8}.Debug|Any CPU.Build.0 = Debug|Any CPU
		{b92ffe2f-049c-a3d2-5162-0a6f7daa1720}.Debug|Any CPU.ActiveCfg = Debug|Any CPU
		{b92ffe2f-049c-a3d2-5162-0a6f7daa1720}.Debug|Any CPU.Build.0 = Debug|Any CPU
		{eacd557e-0aea-2bf0-7b48-4d542db13f7a}.Debug|Any CPU.ActiveCfg = Debug|Any CPU
		{eacd557e-0aea-2bf0-7b48-4d542db13f7a}.Debug|Any CPU.Build.0 = Debug|Any CPU
		{0d3dc700-dfb7-375b-75f0-c499923efc69}.Debug|Any CPU.ActiveCfg = Debug|Any CPU
		{0d3dc700-dfb7-375b-75f0-c499923efc69}.Debug|Any CPU.Build.0 = Debug|Any CPU
		{51e9eb98-a655-85c5-37c2-8a828bb3fa14}.Debug|Any CPU.ActiveCfg = Debug|Any CPU
		{51e9eb98-a655-85c5-37c2-8a828bb3fa14}.Debug|Any CPU.Build.0 = Debug|Any CPU
		{fb58c21d-9e33-4e3a-6349-78234c2e27c8}.Debug|Any CPU.ActiveCfg = Debug|Any CPU
		{fb58c21d-9e33-4e3a-6349-78234c2e27c8}.Debug|Any CPU.Build.0 = Debug|Any CPU
		{db30cfbc-3b3b-e219-c565-7b64bb5142d3}.Debug|Any CPU.ActiveCfg = Debug|Any CPU
		{db30cfbc-3b3b-e219-c565-7b64bb5142d3}.Debug|Any CPU.Build.0 = Debug|Any CPU
		{fba2018d-6c9a-2299-30b8-6a6c7da2a538}.Debug|Any CPU.ActiveCfg = Debug|Any CPU
		{fba2018d-6c9a-2299-30b8-6a6c7da2a538}.Debug|Any CPU.Build.0 = Debug|Any CPU
		{b25dcecd-c751-3416-298b-c525af8a7a95}.Debug|Any CPU.ActiveCfg = Debug|Any CPU
		{b25dcecd-c751-3416-298b-c525af8a7a95}.Debug|Any CPU.Build.0 = Debug|Any CPU
		{0f7729f0-6bce-de4e-f1cc-82365bcf3770}.Debug|Any CPU.ActiveCfg = Debug|Any CPU
		{0f7729f0-6bce-de4e-f1cc-82365bcf3770}.Debug|Any CPU.Build.0 = Debug|Any CPU
		{90add9a1-1f46-5efb-0289-9eb205070bb0}.Debug|Any CPU.ActiveCfg = Debug|Any CPU
		{90add9a1-1f46-5efb-0289-9eb205070bb0}.Debug|Any CPU.Build.0 = Debug|Any CPU
		{a80010a6-e3f2-f199-04a4-fde859466233}.Debug|Any CPU.ActiveCfg = Debug|Any CPU
		{a80010a6-e3f2-f199-04a4-fde859466233}.Debug|Any CPU.Build.0 = Debug|Any CPU
		{755e8607-9a19-b709-5f06-d33af5af081e}.Debug|Any CPU.ActiveCfg = Debug|Any CPU
		{755e8607-9a19-b709-5f06-d33af5af081e}.Debug|Any CPU.Build.0 = Debug|Any CPU
		{abca3f80-697a-4171-eb00-485c2db64ca2}.Debug|Any CPU.ActiveCfg = Debug|Any CPU
		{abca3f80-697a-4171-eb00-485c2db64ca2}.Debug|Any CPU.Build.0 = Debug|Any CPU
		{97bbe8ef-a5ac-63cf-0a6e-b8e837adbf3f}.Debug|Any CPU.ActiveCfg = Debug|Any CPU
		{97bbe8ef-a5ac-63cf-0a6e-b8e837adbf3f}.Debug|Any CPU.Build.0 = Debug|Any CPU
		{e92234ca-cbd4-03f0-56f6-4e285d4630b1}.Debug|Any CPU.ActiveCfg = Debug|Any CPU
		{e92234ca-cbd4-03f0-56f6-4e285d4630b1}.Debug|Any CPU.Build.0 = Debug|Any CPU
		{8a2cd398-1728-b00b-3f05-6245bdb2624a}.Debug|Any CPU.ActiveCfg = Debug|Any CPU
		{8a2cd398-1728-b00b-3f05-6245bdb2624a}.Debug|Any CPU.Build.0 = Debug|Any CPU
		{02417f2a-1425-9781-431c-33b4d6265659}.Debug|Any CPU.ActiveCfg = Debug|Any CPU
		{02417f2a-1425-9781-431c-33b4d6265659}.Debug|Any CPU.Build.0 = Debug|Any CPU
		{85542bba-ba7a-5ecc-b147-ae164a8679e1}.Debug|Any CPU.ActiveCfg = Debug|Any CPU
		{85542bba-ba7a-5ecc-b147-ae164a8679e1}.Debug|Any CPU.Build.0 = Debug|Any CPU
		{c3031182-1747-c8b5-ef16-24d51519cbdf}.Debug|Any CPU.ActiveCfg = Debug|Any CPU
		{c3031182-1747-c8b5-ef16-24d51519cbdf}.Debug|Any CPU.Build.0 = Debug|Any CPU
		{684d08b3-0785-5972-93ef-583ea11590dc}.Debug|Any CPU.ActiveCfg = Debug|Any CPU
		{684d08b3-0785-5972-93ef-583ea11590dc}.Debug|Any CPU.Build.0 = Debug|Any CPU
		{d9cb2c4b-3adc-eef7-77c5-daa08fb329e4}.Debug|Any CPU.ActiveCfg = Debug|Any CPU
		{d9cb2c4b-3adc-eef7-77c5-daa08fb329e4}.Debug|Any CPU.Build.0 = Debug|Any CPU
		{8b3e645b-7fd7-3de8-556f-e1e011858f03}.Debug|Any CPU.ActiveCfg = Debug|Any CPU
		{8b3e645b-7fd7-3de8-556f-e1e011858f03}.Debug|Any CPU.Build.0 = Debug|Any CPU
		{e0f24dcb-e1bc-86fe-4da4-b86780b26ce0}.Debug|Any CPU.ActiveCfg = Debug|Any CPU
		{e0f24dcb-e1bc-86fe-4da4-b86780b26ce0}.Debug|Any CPU.Build.0 = Debug|Any CPU
		{81baffb5-0858-a24a-9666-217ab88ffbc5}.Debug|Any CPU.ActiveCfg = Debug|Any CPU
		{81baffb5-0858-a24a-9666-217ab88ffbc5}.Debug|Any CPU.Build.0 = Debug|Any CPU
		{2d227886-3021-7180-6cec-ffead278bbe0}.Debug|Any CPU.ActiveCfg = Debug|Any CPU
		{2d227886-3021-7180-6cec-ffead278bbe0}.Debug|Any CPU.Build.0 = Debug|Any CPU
		{a14bfd31-09ef-9751-2c50-9aa022caa46c}.Debug|Any CPU.ActiveCfg = Debug|Any CPU
		{a14bfd31-09ef-9751-2c50-9aa022caa46c}.Debug|Any CPU.Build.0 = Debug|Any CPU
		{0fe7da6a-1e2a-65ac-0c64-6dda9bbde887}.Debug|Any CPU.ActiveCfg = Debug|Any CPU
		{0fe7da6a-1e2a-65ac-0c64-6dda9bbde887}.Debug|Any CPU.Build.0 = Debug|Any CPU
		{5c050158-2f2c-3737-9bf4-d96201a65708}.Debug|Any CPU.ActiveCfg = Debug|Any CPU
		{5c050158-2f2c-3737-9bf4-d96201a65708}.Debug|Any CPU.Build.0 = Debug|Any CPU
		{b5d2ddae-6b25-32eb-694c-7a51a8a875ce}.Debug|Any CPU.ActiveCfg = Debug|Any CPU
		{b5d2ddae-6b25-32eb-694c-7a51a8a875ce}.Debug|Any CPU.Build.0 = Debug|Any CPU
		{5dd7dcc6-00a1-6281-f761-dc715a02f91e}.Debug|Any CPU.ActiveCfg = Debug|Any CPU
		{5dd7dcc6-00a1-6281-f761-dc715a02f91e}.Debug|Any CPU.Build.0 = Debug|Any CPU
		{193146c6-d73a-0de5-42ec-a0183c4d81e2}.Debug|Any CPU.ActiveCfg = Debug|Any CPU
		{193146c6-d73a-0de5-42ec-a0183c4d81e2}.Debug|Any CPU.Build.0 = Debug|Any CPU
		{a6bbaac6-266b-ceba-6dcc-28c7b0d6ce1b}.Debug|Any CPU.ActiveCfg = Debug|Any CPU
		{a6bbaac6-266b-ceba-6dcc-28c7b0d6ce1b}.Debug|Any CPU.Build.0 = Debug|Any CPU
		{286fa980-fc45-8ace-2f2f-5ebaff1c5bb2}.Debug|Any CPU.ActiveCfg = Debug|Any CPU
		{286fa980-fc45-8ace-2f2f-5ebaff1c5bb2}.Debug|Any CPU.Build.0 = Debug|Any CPU
		{c8c67b1f-bb41-5b37-d30f-238dcf657e76}.Debug|Any CPU.ActiveCfg = Debug|Any CPU
		{c8c67b1f-bb41-5b37-d30f-238dcf657e76}.Debug|Any CPU.Build.0 = Debug|Any CPU
		{a86348c9-f197-bce3-967a-06664a8bf660}.Debug|Any CPU.ActiveCfg = Debug|Any CPU
		{a86348c9-f197-bce3-967a-06664a8bf660}.Debug|Any CPU.Build.0 = Debug|Any CPU
		{fbd83e10-e1a0-a5dd-b9ea-e52429189c40}.Debug|Any CPU.ActiveCfg = Debug|Any CPU
		{fbd83e10-e1a0-a5dd-b9ea-e52429189c40}.Debug|Any CPU.Build.0 = Debug|Any CPU
		{7e6c9945-67bb-89c5-e4f5-90e3956c6b78}.Debug|Any CPU.ActiveCfg = Debug|Any CPU
		{7e6c9945-67bb-89c5-e4f5-90e3956c6b78}.Debug|Any CPU.Build.0 = Debug|Any CPU
		{4b4a4dd2-fbd6-7194-4c18-3013cf4a6d52}.Debug|Any CPU.ActiveCfg = Debug|Any CPU
		{4b4a4dd2-fbd6-7194-4c18-3013cf4a6d52}.Debug|Any CPU.Build.0 = Debug|Any CPU
		{75bece95-4081-123f-4262-ba37edaa617e}.Debug|Any CPU.ActiveCfg = Debug|Any CPU
		{75bece95-4081-123f-4262-ba37edaa617e}.Debug|Any CPU.Build.0 = Debug|Any CPU
		{f2b2bbf3-ff01-ff55-097c-fb14832e1229}.Debug|Any CPU.ActiveCfg = Debug|Any CPU
		{f2b2bbf3-ff01-ff55-097c-fb14832e1229}.Debug|Any CPU.Build.0 = Debug|Any CPU
		{09140b6a-d9f4-c189-1482-5c89a3f893e4}.Debug|Any CPU.ActiveCfg = Debug|Any CPU
		{09140b6a-d9f4-c189-1482-5c89a3f893e4}.Debug|Any CPU.Build.0 = Debug|Any CPU
		{760b8d51-0dc2-f768-464e-59e6e1f81884}.Debug|Any CPU.ActiveCfg = Debug|Any CPU
		{760b8d51-0dc2-f768-464e-59e6e1f81884}.Debug|Any CPU.Build.0 = Debug|Any CPU
		{53486da1-9658-9919-dc4e-a56d2da3733f}.Debug|Any CPU.ActiveCfg = Debug|Any CPU
		{53486da1-9658-9919-dc4e-a56d2da3733f}.Debug|Any CPU.Build.0 = Debug|Any CPU
		{83b5bd11-8779-6347-f41f-3596f6d52e0e}.Debug|Any CPU.ActiveCfg = Debug|Any CPU
		{83b5bd11-8779-6347-f41f-3596f6d52e0e}.Debug|Any CPU.Build.0 = Debug|Any CPU
		{c0628961-e5b4-8920-c357-65c65e80dc6e}.Debug|Any CPU.ActiveCfg = Debug|Any CPU
		{c0628961-e5b4-8920-c357-65c65e80dc6e}.Debug|Any CPU.Build.0 = Debug|Any CPU
		{ed1742c5-8f62-896e-19c5-4ac6854cdfb4}.Debug|Any CPU.ActiveCfg = Debug|Any CPU
		{ed1742c5-8f62-896e-19c5-4ac6854cdfb4}.Debug|Any CPU.Build.0 = Debug|Any CPU
		{70cefdf7-e66e-9d0b-dd34-2dcabf42d35d}.Debug|Any CPU.ActiveCfg = Debug|Any CPU
		{70cefdf7-e66e-9d0b-dd34-2dcabf42d35d}.Debug|Any CPU.Build.0 = Debug|Any CPU
		{c323aa50-4bef-b407-ac28-32418495177f}.Debug|Any CPU.ActiveCfg = Debug|Any CPU
		{c323aa50-4bef-b407-ac28-32418495177f}.Debug|Any CPU.Build.0 = Debug|Any CPU
		{b374666d-16a7-0a2a-0128-5b289d9cbb33}.Debug|Any CPU.ActiveCfg = Debug|Any CPU
		{b374666d-16a7-0a2a-0128-5b289d9cbb33}.Debug|Any CPU.Build.0 = Debug|Any CPU
		{80471b59-276d-073c-0850-9a79dd60b5f8}.Debug|Any CPU.ActiveCfg = Debug|Any CPU
		{80471b59-276d-073c-0850-9a79dd60b5f8}.Debug|Any CPU.Build.0 = Debug|Any CPU
		{96d9669f-7ee8-88dc-0cdf-ea5dbdd22c49}.Debug|Any CPU.ActiveCfg = Debug|Any CPU
		{96d9669f-7ee8-88dc-0cdf-ea5dbdd22c49}.Debug|Any CPU.Build.0 = Debug|Any CPU
		{dd057f07-d5cd-fa98-4462-7962aff65c14}.Debug|Any CPU.ActiveCfg = Debug|Any CPU
		{dd057f07-d5cd-fa98-4462-7962aff65c14}.Debug|Any CPU.Build.0 = Debug|Any CPU
	EndGlobalSection
	GlobalSection(SolutionProperties) = preSolution
		HideSolutionNode = FALSE
	EndGlobalSection
EndGlobal
